
Microsoft Visual Studio Solution File, Format Version 12.00
# Visual Studio Version 17
VisualStudioVersion = 17.14.36623.8
MinimumVisualStudioVersion = 10.0.40219.1
Project("{2150E333-8FDC-42A3-9474-1A3956D46DE8}") = "Chapter00", "Chapter00", "{DDB4EF12-CC4E-5E88-E6FC-71A802F4DE97}"
EndProject
Project("{FAE04EC0-301F-11D3-BF4B-00C04F79EFBC}") = "sample0415", "Chapter00\sample0415\sample0415.csproj", "{2840A392-FBC9-6795-D770-900D138EF1DA}"
EndProject
Project("{FAE04EC0-301F-11D3-BF4B-00C04F79EFBC}") = "Sample0416", "Chapter00\Sample0416\Sample0416.csproj", "{5E96C8C8-6761-3DBE-C2D4-273AD53377DB}"
EndProject
Project("{FAE04EC0-301F-11D3-BF4B-00C04F79EFBC}") = "Sample0413", "Chapter00\Sample0413\Sample0413.csproj", "{001C5591-DB0A-85C7-5873-1DACE4AC6ED6}"
EndProject
Project("{2150E333-8FDC-42A3-9474-1A3956D46DE8}") = "Chapter01", "Chapter01", "{BBC58D0E-DAC4-4DAA-A6FD-52919E9FB823}"
EndProject
Project("{2150E333-8FDC-42A3-9474-1A3956D46DE8}") = "Chapter02", "Chapter02", "{7B706E92-666F-4DA0-9F50-E27E782092A7}"
EndProject
Project("{2150E333-8FDC-42A3-9474-1A3956D46DE8}") = "距離換算プログラム", "距離換算プログラム", "{1333198E-FA11-4D3E-BBA6-A6AB08A081DB}"
EndProject
Project("{FAE04EC0-301F-11D3-BF4B-00C04F79EFBC}") = "DistanceConverter", "Chapter02\距離換算プログラム\DistanceConverter\DistanceConverter.csproj", "{7A34E997-43A2-464B-8FF5-3B174E55D37A}"
EndProject
Project("{2150E333-8FDC-42A3-9474-1A3956D46DE8}") = "Chapter04", "Chapter04", "{C767B591-86F0-4DB2-A880-A9C378F64FDC}"
EndProject
Project("{2150E333-8FDC-42A3-9474-1A3956D46DE8}") = "P108_文字列を数値に変換", "P108_文字列を数値に変換", "{1CAC5280-AF94-47A8-B017-BBA38EE55A55}"
EndProject
Project("{FAE04EC0-301F-11D3-BF4B-00C04F79EFBC}") = "Code4_36", "Chapter04\文字列を数値に変換\Code4_36\Code4_36.csproj", "{EFB649E8-0F88-4F13-AA25-5E76AEC6923D}"
EndProject
Project("{2150E333-8FDC-42A3-9474-1A3956D46DE8}") = "売上集計プログラム", "売上集計プログラム", "{4C8CE669-C59C-455E-8020-2E6FD179C499}"
EndProject
Project("{FAE04EC0-301F-11D3-BF4B-00C04F79EFBC}") = "SalesCalculator", "Chapter02\売上集計プログラム\SalesCalculator\SalesCalculator.csproj", "{68B75184-8CE9-47E8-9EA6-0A2A7315BE63}"
EndProject
Project("{2150E333-8FDC-42A3-9474-1A3956D46DE8}") = "演習問題", "演習問題", "{CB880DAF-E00C-469E-A606-A0357EFE5F04}"
EndProject
Project("{FAE04EC0-301F-11D3-BF4B-00C04F79EFBC}") = "Exercise01", "Chapter02\演習問題\Exercise01\Exercise01.csproj", "{8DE9902E-1125-4AFC-9D65-3CA93CB55D50}"
EndProject
Project("{FAE04EC0-301F-11D3-BF4B-00C04F79EFBC}") = "Exercise02", "Chapter02\演習問題\Exercise02\Exercise02\Exercise02.csproj", "{95293E4F-04CE-45C8-892F-2035ED98980F}"
EndProject
Project("{2150E333-8FDC-42A3-9474-1A3956D46DE8}") = "Chapter03", "Chapter03", "{3725F41B-0B68-4866-A2F1-99DA0A9E7947}"
EndProject
Project("{2150E333-8FDC-42A3-9474-1A3956D46DE8}") = "ラムダ式とLINQ", "ラムダ式とLINQ", "{B376798A-CB67-4228-AEA9-9285913A19A0}"
EndProject
Project("{FAE04EC0-301F-11D3-BF4B-00C04F79EFBC}") = "Section01", "Chapter03\ラムダ式とLINQ\Section01\Section01.csproj", "{403C3754-57E4-43CF-8D26-C3FA78B8CF40}"
EndProject
Project("{FAE04EC0-301F-11D3-BF4B-00C04F79EFBC}") = "Section04", "Chapter03\ラムダ式とLINQ\Section04\Section04.csproj", "{49003B97-5D94-44D6-AC31-24E53C30B5BE}"
EndProject
Project("{2150E333-8FDC-42A3-9474-1A3956D46DE8}") = "演習問題", "演習問題", "{142BCD4F-F3B0-4CAE-844B-B02D5A53894A}"
EndProject
Project("{FAE04EC0-301F-11D3-BF4B-00C04F79EFBC}") = "Exercise01", "Chapter03\演習問題\Exercise01\Exercise01.csproj", "{FA457191-926B-4A81-AA38-08ADA22697BF}"
EndProject
Project("{FAE04EC0-301F-11D3-BF4B-00C04F79EFBC}") = "Exercise02", "Chapter03\演習問題\Exercise02\Exercise02\Exercise02.csproj", "{9ADD0B10-35E0-4F48-8EEA-0B899A623347}"
EndProject
Project("{2150E333-8FDC-42A3-9474-1A3956D46DE8}") = "p098_nullに関するイディオム", "p098_nullに関するイディオム", "{7B54D456-8189-44CD-8BCC-D662851A426A}"
EndProject
Project("{FAE04EC0-301F-11D3-BF4B-00C04F79EFBC}") = "Section04", "Chapter04\nullに関するイディオム\Section04\Section04.csproj", "{DE9D5DAE-9677-4EDA-A326-B4FBD952455B}"
EndProject
Project("{2150E333-8FDC-42A3-9474-1A3956D46DE8}") = "演習問題", "演習問題", "{CD7F704C-7C9A-449E-9E3B-D74DD4CB1078}"
EndProject
Project("{FAE04EC0-301F-11D3-BF4B-00C04F79EFBC}") = "Exercise01", "Chapter04\演習問題\Exercise01\Exercise01.csproj", "{46DE75E3-FF70-4D57-AB2F-3849956BB7B9}"
EndProject
Project("{FAE04EC0-301F-11D3-BF4B-00C04F79EFBC}") = "Exercise02", "Chapter04\演習問題\Exercise02\Exercise02\Exercise02.csproj", "{DB740CC6-C705-495A-91B5-07466808347E}"
EndProject
Project("{2150E333-8FDC-42A3-9474-1A3956D46DE8}") = "Chapter05", "Chapter05", "{E528AFE3-77EE-4359-9F65-5E911646A0B0}"
EndProject
Project("{2150E333-8FDC-42A3-9474-1A3956D46DE8}") = "プロパティに関するイディオム", "プロパティに関するイディオム", "{37B17D0C-641D-4AF3-8BE0-D5B5EBF78FD8}"
EndProject
Project("{FAE04EC0-301F-11D3-BF4B-00C04F79EFBC}") = "Section01", "Chapter05\プロパティに関するイディオム\Section01\Section01.csproj", "{E060EB3F-8D0F-4E8A-A8BB-CDBFECAAEC55}"
EndProject
Project("{2150E333-8FDC-42A3-9474-1A3956D46DE8}") = "メソッドに関するイディオム", "メソッドに関するイディオム", "{7FA32B04-D638-4B0B-8EE3-871A8134AFA2}"
EndProject
Project("{FAE04EC0-301F-11D3-BF4B-00C04F79EFBC}") = "Section02", "Chapter05\メソッドに関するイディオム\Section02\Section02.csproj", "{25BC6ACA-FBF1-47B4-945D-6770BD88E98E}"
EndProject
Project("{2150E333-8FDC-42A3-9474-1A3956D46DE8}") = "演習問題", "演習問題", "{3FE1AB63-95DD-4B18-8C7A-2BB642822FCB}"
EndProject
Project("{FAE04EC0-301F-11D3-BF4B-00C04F79EFBC}") = "Exercise01", "Chapter05\演習問題\Exercise01\Exercise01.csproj", "{389908FE-19EB-4D00-860D-8F2A4A101749}"
EndProject
Project("{FAE04EC0-301F-11D3-BF4B-00C04F79EFBC}") = "Exercise02", "Chapter05\演習問題\Exercise02\Exercise02.csproj", "{A3ACA33D-6226-7668-2993-2FC9EA8C783B}"
EndProject
Project("{2150E333-8FDC-42A3-9474-1A3956D46DE8}") = "Chapter06", "Chapter06", "{2B5F5BC1-583E-45AD-8016-B231974DF1A5}"
EndProject
Project("{2150E333-8FDC-42A3-9474-1A3956D46DE8}") = "文字列の比較", "文字列の比較", "{DC22FB24-1FF0-4064-BA81-B012648A41FA}"
EndProject
Project("{FAE04EC0-301F-11D3-BF4B-00C04F79EFBC}") = "Section01", "Chapter06\文字列の比較\Section01\Section01.csproj", "{21F2C15C-38C9-4A21-A586-7AED96533C9F}"
EndProject
Project("{2150E333-8FDC-42A3-9474-1A3956D46DE8}") = "演習問題", "演習問題", "{BE4665B5-7FE3-405A-A89B-C9438F881F1C}"
EndProject
Project("{FAE04EC0-301F-11D3-BF4B-00C04F79EFBC}") = "Exercise01", "Chapter06\新しいフォルダー\Exercise01\Exercise01.csproj", "{CFFC6948-5BB9-47AB-911F-9DE45F409EA3}"
EndProject
Project("{FAE04EC0-301F-11D3-BF4B-00C04F79EFBC}") = "Exercise02", "Chapter06\演習問題\Exercise02\Exercise02.csproj", "{6FF45825-21C1-4951-A84F-FD65262AA6D0}"
EndProject
Project("{FAE04EC0-301F-11D3-BF4B-00C04F79EFBC}") = "Exercise03", "Chapter06\演習問題\Exercise03\Exercise03.csproj", "{766DC129-B7E6-6BE5-67FF-02794A6C9D6A}"
EndProject
Project("{2150E333-8FDC-42A3-9474-1A3956D46DE8}") = "文字列の連結と分割", "文字列の連結と分割", "{6749AA80-91AD-49F8-9133-DC310A186E3D}"
EndProject
Project("{FAE04EC0-301F-11D3-BF4B-00C04F79EFBC}") = "Section05", "Chapter06\文字列の連結と分割\Section05\Section05.csproj", "{99143EF3-F178-429B-909A-32C20496DEC7}"
EndProject
Project("{FAE04EC0-301F-11D3-BF4B-00C04F79EFBC}") = "Exercise04", "Chapter06\演習問題\Exercise04\Exercise04.csproj", "{8758FBDB-9295-0DA5-31B6-DA01667F06FB}"
EndProject
Project("{2150E333-8FDC-42A3-9474-1A3956D46DE8}") = "Chapter07", "Chapter07", "{BED3C17C-49B7-4EB1-A17D-0EBC2FAC6BCE}"
EndProject
Project("{2150E333-8FDC-42A3-9474-1A3956D46DE8}") = "演習問題", "演習問題", "{7C026B89-5668-415C-9002-0FA44D77CE3D}"
EndProject
Project("{FAE04EC0-301F-11D3-BF4B-00C04F79EFBC}") = "Section01", "Chapter07\Section01\Section01.csproj", "{07EA9499-CCC8-4C61-94FA-3A196D0F0D2A}"
EndProject
Project("{FAE04EC0-301F-11D3-BF4B-00C04F79EFBC}") = "Exercise01", "Chapter07\演習問題\Exercise01\Exercise01.csproj", "{A666E393-577E-45BE-91EA-15F5D400867A}"
EndProject
Project("{FAE04EC0-301F-11D3-BF4B-00C04F79EFBC}") = "Exercise02", "Chapter07\演習問題\Exercise02\Exercise02.csproj", "{09D01F2D-A9C1-7ADF-ACF0-6CE8655624B3}"
EndProject
Project("{2150E333-8FDC-42A3-9474-1A3956D46DE8}") = "TestProject", "TestProject", "{0EEC7AE6-5A15-42EA-B579-E711C1BCAAE1}"
EndProject
Project("{FAE04EC0-301F-11D3-BF4B-00C04F79EFBC}") = "Test01_01", "TestProject\Test01_01\Test01_01.csproj", "{B8441293-5D7D-B752-6216-4C5005BF772D}"
EndProject
Project("{FAE04EC0-301F-11D3-BF4B-00C04F79EFBC}") = "Test01_02", "TestProject\Test01_02\Test01_02.csproj", "{D7F347E4-C87C-CC1A-89F8-6D28A7CCB4B3}"
EndProject
Project("{2150E333-8FDC-42A3-9474-1A3956D46DE8}") = "Chapter08", "Chapter08", "{59651DE1-D9D7-41CC-9FAB-0C33972A78BF}"
EndProject
Project("{FAE04EC0-301F-11D3-BF4B-00C04F79EFBC}") = "Section01", "Chapter08\Section01\Section01.csproj", "{6547E3BD-E0AE-4A7E-BF8E-9E10DF68AFE5}"
EndProject
Project("{FAE04EC0-301F-11D3-BF4B-00C04F79EFBC}") = "Section02", "Chapter08\Section02\Section02.csproj", "{27B8A732-F6B0-0004-1291-A3D8F76543D5}"
EndProject
Project("{FAE04EC0-301F-11D3-BF4B-00C04F79EFBC}") = "Section03", "Chapter08\Section03\Section03.csproj", "{7C06D570-5236-67C0-200D-EFEA42F6ED6E}"
EndProject
Project("{2150E333-8FDC-42A3-9474-1A3956D46DE8}") = "演習問題", "演習問題", "{9F826644-AE2D-4E53-93E1-3F478EB114E5}"
EndProject
Project("{FAE04EC0-301F-11D3-BF4B-00C04F79EFBC}") = "Exercise01", "Chapter08\演習問題\Exercise01\Exercise01.csproj", "{D589C9D2-25B2-97EF-C106-318F1C56DB7D}"
EndProject
Project("{FAE04EC0-301F-11D3-BF4B-00C04F79EFBC}") = "Exercise02", "Chapter08\演習問題\Exercise02\Exercise02.csproj", "{06898B8A-CC27-A1B2-69C8-89831A372D7F}"
EndProject
Project("{2150E333-8FDC-42A3-9474-1A3956D46DE8}") = "Chapter09", "Chapter09", "{BBFAFC75-C48C-4BA9-A133-52B33F49FC88}"
EndProject
Project("{FAE04EC0-301F-11D3-BF4B-00C04F79EFBC}") = "Section01", "Chapter09\Section01\Section01.csproj", "{CE353583-2CC9-42FE-8801-E9176D719C80}"
EndProject
Global
	GlobalSection(SolutionConfigurationPlatforms) = preSolution
		Debug|Any CPU = Debug|Any CPU
		Release|Any CPU = Release|Any CPU
	EndGlobalSection
	GlobalSection(ProjectConfigurationPlatforms) = postSolution
		{2840A392-FBC9-6795-D770-900D138EF1DA}.Debug|Any CPU.ActiveCfg = Debug|Any CPU
		{2840A392-FBC9-6795-D770-900D138EF1DA}.Debug|Any CPU.Build.0 = Debug|Any CPU
		{2840A392-FBC9-6795-D770-900D138EF1DA}.Release|Any CPU.ActiveCfg = Release|Any CPU
		{2840A392-FBC9-6795-D770-900D138EF1DA}.Release|Any CPU.Build.0 = Release|Any CPU
		{5E96C8C8-6761-3DBE-C2D4-273AD53377DB}.Debug|Any CPU.ActiveCfg = Debug|Any CPU
		{5E96C8C8-6761-3DBE-C2D4-273AD53377DB}.Debug|Any CPU.Build.0 = Debug|Any CPU
		{5E96C8C8-6761-3DBE-C2D4-273AD53377DB}.Release|Any CPU.ActiveCfg = Release|Any CPU
		{5E96C8C8-6761-3DBE-C2D4-273AD53377DB}.Release|Any CPU.Build.0 = Release|Any CPU
		{001C5591-DB0A-85C7-5873-1DACE4AC6ED6}.Debug|Any CPU.ActiveCfg = Debug|Any CPU
		{001C5591-DB0A-85C7-5873-1DACE4AC6ED6}.Debug|Any CPU.Build.0 = Debug|Any CPU
		{001C5591-DB0A-85C7-5873-1DACE4AC6ED6}.Release|Any CPU.ActiveCfg = Release|Any CPU
		{001C5591-DB0A-85C7-5873-1DACE4AC6ED6}.Release|Any CPU.Build.0 = Release|Any CPU
		{7A34E997-43A2-464B-8FF5-3B174E55D37A}.Debug|Any CPU.ActiveCfg = Debug|Any CPU
		{7A34E997-43A2-464B-8FF5-3B174E55D37A}.Debug|Any CPU.Build.0 = Debug|Any CPU
		{7A34E997-43A2-464B-8FF5-3B174E55D37A}.Release|Any CPU.ActiveCfg = Release|Any CPU
		{7A34E997-43A2-464B-8FF5-3B174E55D37A}.Release|Any CPU.Build.0 = Release|Any CPU
		{EFB649E8-0F88-4F13-AA25-5E76AEC6923D}.Debug|Any CPU.ActiveCfg = Debug|Any CPU
		{EFB649E8-0F88-4F13-AA25-5E76AEC6923D}.Debug|Any CPU.Build.0 = Debug|Any CPU
		{EFB649E8-0F88-4F13-AA25-5E76AEC6923D}.Release|Any CPU.ActiveCfg = Release|Any CPU
		{EFB649E8-0F88-4F13-AA25-5E76AEC6923D}.Release|Any CPU.Build.0 = Release|Any CPU
		{68B75184-8CE9-47E8-9EA6-0A2A7315BE63}.Debug|Any CPU.ActiveCfg = Debug|Any CPU
		{68B75184-8CE9-47E8-9EA6-0A2A7315BE63}.Debug|Any CPU.Build.0 = Debug|Any CPU
		{68B75184-8CE9-47E8-9EA6-0A2A7315BE63}.Release|Any CPU.ActiveCfg = Release|Any CPU
		{68B75184-8CE9-47E8-9EA6-0A2A7315BE63}.Release|Any CPU.Build.0 = Release|Any CPU
		{8DE9902E-1125-4AFC-9D65-3CA93CB55D50}.Debug|Any CPU.ActiveCfg = Debug|Any CPU
		{8DE9902E-1125-4AFC-9D65-3CA93CB55D50}.Debug|Any CPU.Build.0 = Debug|Any CPU
		{8DE9902E-1125-4AFC-9D65-3CA93CB55D50}.Release|Any CPU.ActiveCfg = Release|Any CPU
		{8DE9902E-1125-4AFC-9D65-3CA93CB55D50}.Release|Any CPU.Build.0 = Release|Any CPU
		{95293E4F-04CE-45C8-892F-2035ED98980F}.Debug|Any CPU.ActiveCfg = Debug|Any CPU
		{95293E4F-04CE-45C8-892F-2035ED98980F}.Debug|Any CPU.Build.0 = Debug|Any CPU
		{95293E4F-04CE-45C8-892F-2035ED98980F}.Release|Any CPU.ActiveCfg = Release|Any CPU
		{95293E4F-04CE-45C8-892F-2035ED98980F}.Release|Any CPU.Build.0 = Release|Any CPU
		{403C3754-57E4-43CF-8D26-C3FA78B8CF40}.Debug|Any CPU.ActiveCfg = Debug|Any CPU
		{403C3754-57E4-43CF-8D26-C3FA78B8CF40}.Debug|Any CPU.Build.0 = Debug|Any CPU
		{403C3754-57E4-43CF-8D26-C3FA78B8CF40}.Release|Any CPU.ActiveCfg = Release|Any CPU
		{403C3754-57E4-43CF-8D26-C3FA78B8CF40}.Release|Any CPU.Build.0 = Release|Any CPU
		{49003B97-5D94-44D6-AC31-24E53C30B5BE}.Debug|Any CPU.ActiveCfg = Debug|Any CPU
		{49003B97-5D94-44D6-AC31-24E53C30B5BE}.Debug|Any CPU.Build.0 = Debug|Any CPU
		{49003B97-5D94-44D6-AC31-24E53C30B5BE}.Release|Any CPU.ActiveCfg = Release|Any CPU
		{49003B97-5D94-44D6-AC31-24E53C30B5BE}.Release|Any CPU.Build.0 = Release|Any CPU
		{FA457191-926B-4A81-AA38-08ADA22697BF}.Debug|Any CPU.ActiveCfg = Debug|Any CPU
		{FA457191-926B-4A81-AA38-08ADA22697BF}.Debug|Any CPU.Build.0 = Debug|Any CPU
		{FA457191-926B-4A81-AA38-08ADA22697BF}.Release|Any CPU.ActiveCfg = Release|Any CPU
		{FA457191-926B-4A81-AA38-08ADA22697BF}.Release|Any CPU.Build.0 = Release|Any CPU
		{9ADD0B10-35E0-4F48-8EEA-0B899A623347}.Debug|Any CPU.ActiveCfg = Debug|Any CPU
		{9ADD0B10-35E0-4F48-8EEA-0B899A623347}.Debug|Any CPU.Build.0 = Debug|Any CPU
		{9ADD0B10-35E0-4F48-8EEA-0B899A623347}.Release|Any CPU.ActiveCfg = Release|Any CPU
		{9ADD0B10-35E0-4F48-8EEA-0B899A623347}.Release|Any CPU.Build.0 = Release|Any CPU
		{DE9D5DAE-9677-4EDA-A326-B4FBD952455B}.Debug|Any CPU.ActiveCfg = Debug|Any CPU
		{DE9D5DAE-9677-4EDA-A326-B4FBD952455B}.Debug|Any CPU.Build.0 = Debug|Any CPU
		{DE9D5DAE-9677-4EDA-A326-B4FBD952455B}.Release|Any CPU.ActiveCfg = Release|Any CPU
		{DE9D5DAE-9677-4EDA-A326-B4FBD952455B}.Release|Any CPU.Build.0 = Release|Any CPU
		{46DE75E3-FF70-4D57-AB2F-3849956BB7B9}.Debug|Any CPU.ActiveCfg = Debug|Any CPU
		{46DE75E3-FF70-4D57-AB2F-3849956BB7B9}.Debug|Any CPU.Build.0 = Debug|Any CPU
		{46DE75E3-FF70-4D57-AB2F-3849956BB7B9}.Release|Any CPU.ActiveCfg = Release|Any CPU
		{46DE75E3-FF70-4D57-AB2F-3849956BB7B9}.Release|Any CPU.Build.0 = Release|Any CPU
		{DB740CC6-C705-495A-91B5-07466808347E}.Debug|Any CPU.ActiveCfg = Debug|Any CPU
		{DB740CC6-C705-495A-91B5-07466808347E}.Debug|Any CPU.Build.0 = Debug|Any CPU
		{DB740CC6-C705-495A-91B5-07466808347E}.Release|Any CPU.ActiveCfg = Release|Any CPU
		{DB740CC6-C705-495A-91B5-07466808347E}.Release|Any CPU.Build.0 = Release|Any CPU
		{E060EB3F-8D0F-4E8A-A8BB-CDBFECAAEC55}.Debug|Any CPU.ActiveCfg = Debug|Any CPU
		{E060EB3F-8D0F-4E8A-A8BB-CDBFECAAEC55}.Debug|Any CPU.Build.0 = Debug|Any CPU
		{E060EB3F-8D0F-4E8A-A8BB-CDBFECAAEC55}.Release|Any CPU.ActiveCfg = Release|Any CPU
		{E060EB3F-8D0F-4E8A-A8BB-CDBFECAAEC55}.Release|Any CPU.Build.0 = Release|Any CPU
		{25BC6ACA-FBF1-47B4-945D-6770BD88E98E}.Debug|Any CPU.ActiveCfg = Debug|Any CPU
		{25BC6ACA-FBF1-47B4-945D-6770BD88E98E}.Debug|Any CPU.Build.0 = Debug|Any CPU
		{25BC6ACA-FBF1-47B4-945D-6770BD88E98E}.Release|Any CPU.ActiveCfg = Release|Any CPU
		{25BC6ACA-FBF1-47B4-945D-6770BD88E98E}.Release|Any CPU.Build.0 = Release|Any CPU
		{389908FE-19EB-4D00-860D-8F2A4A101749}.Debug|Any CPU.ActiveCfg = Debug|Any CPU
		{389908FE-19EB-4D00-860D-8F2A4A101749}.Debug|Any CPU.Build.0 = Debug|Any CPU
		{389908FE-19EB-4D00-860D-8F2A4A101749}.Release|Any CPU.ActiveCfg = Release|Any CPU
		{389908FE-19EB-4D00-860D-8F2A4A101749}.Release|Any CPU.Build.0 = Release|Any CPU
		{A3ACA33D-6226-7668-2993-2FC9EA8C783B}.Debug|Any CPU.ActiveCfg = Debug|Any CPU
		{A3ACA33D-6226-7668-2993-2FC9EA8C783B}.Debug|Any CPU.Build.0 = Debug|Any CPU
		{A3ACA33D-6226-7668-2993-2FC9EA8C783B}.Release|Any CPU.ActiveCfg = Release|Any CPU
		{A3ACA33D-6226-7668-2993-2FC9EA8C783B}.Release|Any CPU.Build.0 = Release|Any CPU
		{21F2C15C-38C9-4A21-A586-7AED96533C9F}.Debug|Any CPU.ActiveCfg = Debug|Any CPU
		{21F2C15C-38C9-4A21-A586-7AED96533C9F}.Debug|Any CPU.Build.0 = Debug|Any CPU
		{21F2C15C-38C9-4A21-A586-7AED96533C9F}.Release|Any CPU.ActiveCfg = Release|Any CPU
		{21F2C15C-38C9-4A21-A586-7AED96533C9F}.Release|Any CPU.Build.0 = Release|Any CPU
		{CFFC6948-5BB9-47AB-911F-9DE45F409EA3}.Debug|Any CPU.ActiveCfg = Debug|Any CPU
		{CFFC6948-5BB9-47AB-911F-9DE45F409EA3}.Debug|Any CPU.Build.0 = Debug|Any CPU
		{CFFC6948-5BB9-47AB-911F-9DE45F409EA3}.Release|Any CPU.ActiveCfg = Release|Any CPU
		{CFFC6948-5BB9-47AB-911F-9DE45F409EA3}.Release|Any CPU.Build.0 = Release|Any CPU
		{6FF45825-21C1-4951-A84F-FD65262AA6D0}.Debug|Any CPU.ActiveCfg = Debug|Any CPU
		{6FF45825-21C1-4951-A84F-FD65262AA6D0}.Debug|Any CPU.Build.0 = Debug|Any CPU
		{6FF45825-21C1-4951-A84F-FD65262AA6D0}.Release|Any CPU.ActiveCfg = Release|Any CPU
		{6FF45825-21C1-4951-A84F-FD65262AA6D0}.Release|Any CPU.Build.0 = Release|Any CPU
		{766DC129-B7E6-6BE5-67FF-02794A6C9D6A}.Debug|Any CPU.ActiveCfg = Debug|Any CPU
		{766DC129-B7E6-6BE5-67FF-02794A6C9D6A}.Debug|Any CPU.Build.0 = Debug|Any CPU
		{766DC129-B7E6-6BE5-67FF-02794A6C9D6A}.Release|Any CPU.ActiveCfg = Release|Any CPU
		{766DC129-B7E6-6BE5-67FF-02794A6C9D6A}.Release|Any CPU.Build.0 = Release|Any CPU
		{99143EF3-F178-429B-909A-32C20496DEC7}.Debug|Any CPU.ActiveCfg = Debug|Any CPU
		{99143EF3-F178-429B-909A-32C20496DEC7}.Debug|Any CPU.Build.0 = Debug|Any CPU
		{99143EF3-F178-429B-909A-32C20496DEC7}.Release|Any CPU.ActiveCfg = Release|Any CPU
		{99143EF3-F178-429B-909A-32C20496DEC7}.Release|Any CPU.Build.0 = Release|Any CPU
		{8758FBDB-9295-0DA5-31B6-DA01667F06FB}.Debug|Any CPU.ActiveCfg = Debug|Any CPU
		{8758FBDB-9295-0DA5-31B6-DA01667F06FB}.Debug|Any CPU.Build.0 = Debug|Any CPU
		{8758FBDB-9295-0DA5-31B6-DA01667F06FB}.Release|Any CPU.ActiveCfg = Release|Any CPU
		{8758FBDB-9295-0DA5-31B6-DA01667F06FB}.Release|Any CPU.Build.0 = Release|Any CPU
		{07EA9499-CCC8-4C61-94FA-3A196D0F0D2A}.Debug|Any CPU.ActiveCfg = Debug|Any CPU
		{07EA9499-CCC8-4C61-94FA-3A196D0F0D2A}.Debug|Any CPU.Build.0 = Debug|Any CPU
		{07EA9499-CCC8-4C61-94FA-3A196D0F0D2A}.Release|Any CPU.ActiveCfg = Release|Any CPU
		{07EA9499-CCC8-4C61-94FA-3A196D0F0D2A}.Release|Any CPU.Build.0 = Release|Any CPU
		{A666E393-577E-45BE-91EA-15F5D400867A}.Debug|Any CPU.ActiveCfg = Debug|Any CPU
		{A666E393-577E-45BE-91EA-15F5D400867A}.Debug|Any CPU.Build.0 = Debug|Any CPU
		{A666E393-577E-45BE-91EA-15F5D400867A}.Release|Any CPU.ActiveCfg = Release|Any CPU
		{A666E393-577E-45BE-91EA-15F5D400867A}.Release|Any CPU.Build.0 = Release|Any CPU
		{09D01F2D-A9C1-7ADF-ACF0-6CE8655624B3}.Debug|Any CPU.ActiveCfg = Debug|Any CPU
		{09D01F2D-A9C1-7ADF-ACF0-6CE8655624B3}.Debug|Any CPU.Build.0 = Debug|Any CPU
		{09D01F2D-A9C1-7ADF-ACF0-6CE8655624B3}.Release|Any CPU.ActiveCfg = Release|Any CPU
		{09D01F2D-A9C1-7ADF-ACF0-6CE8655624B3}.Release|Any CPU.Build.0 = Release|Any CPU
		{B8441293-5D7D-B752-6216-4C5005BF772D}.Debug|Any CPU.ActiveCfg = Debug|Any CPU
		{B8441293-5D7D-B752-6216-4C5005BF772D}.Debug|Any CPU.Build.0 = Debug|Any CPU
		{B8441293-5D7D-B752-6216-4C5005BF772D}.Release|Any CPU.ActiveCfg = Release|Any CPU
		{B8441293-5D7D-B752-6216-4C5005BF772D}.Release|Any CPU.Build.0 = Release|Any CPU
		{D7F347E4-C87C-CC1A-89F8-6D28A7CCB4B3}.Debug|Any CPU.ActiveCfg = Debug|Any CPU
		{D7F347E4-C87C-CC1A-89F8-6D28A7CCB4B3}.Debug|Any CPU.Build.0 = Debug|Any CPU
		{D7F347E4-C87C-CC1A-89F8-6D28A7CCB4B3}.Release|Any CPU.ActiveCfg = Release|Any CPU
		{D7F347E4-C87C-CC1A-89F8-6D28A7CCB4B3}.Release|Any CPU.Build.0 = Release|Any CPU
		{6547E3BD-E0AE-4A7E-BF8E-9E10DF68AFE5}.Debug|Any CPU.ActiveCfg = Debug|Any CPU
		{6547E3BD-E0AE-4A7E-BF8E-9E10DF68AFE5}.Debug|Any CPU.Build.0 = Debug|Any CPU
		{6547E3BD-E0AE-4A7E-BF8E-9E10DF68AFE5}.Release|Any CPU.ActiveCfg = Release|Any CPU
		{6547E3BD-E0AE-4A7E-BF8E-9E10DF68AFE5}.Release|Any CPU.Build.0 = Release|Any CPU
		{27B8A732-F6B0-0004-1291-A3D8F76543D5}.Debug|Any CPU.ActiveCfg = Debug|Any CPU
		{27B8A732-F6B0-0004-1291-A3D8F76543D5}.Debug|Any CPU.Build.0 = Debug|Any CPU
		{27B8A732-F6B0-0004-1291-A3D8F76543D5}.Release|Any CPU.ActiveCfg = Release|Any CPU
		{27B8A732-F6B0-0004-1291-A3D8F76543D5}.Release|Any CPU.Build.0 = Release|Any CPU
		{7C06D570-5236-67C0-200D-EFEA42F6ED6E}.Debug|Any CPU.ActiveCfg = Debug|Any CPU
		{7C06D570-5236-67C0-200D-EFEA42F6ED6E}.Debug|Any CPU.Build.0 = Debug|Any CPU
		{7C06D570-5236-67C0-200D-EFEA42F6ED6E}.Release|Any CPU.ActiveCfg = Release|Any CPU
		{7C06D570-5236-67C0-200D-EFEA42F6ED6E}.Release|Any CPU.Build.0 = Release|Any CPU
		{D589C9D2-25B2-97EF-C106-318F1C56DB7D}.Debug|Any CPU.ActiveCfg = Debug|Any CPU
		{D589C9D2-25B2-97EF-C106-318F1C56DB7D}.Debug|Any CPU.Build.0 = Debug|Any CPU
		{D589C9D2-25B2-97EF-C106-318F1C56DB7D}.Release|Any CPU.ActiveCfg = Release|Any CPU
		{D589C9D2-25B2-97EF-C106-318F1C56DB7D}.Release|Any CPU.Build.0 = Release|Any CPU
		{06898B8A-CC27-A1B2-69C8-89831A372D7F}.Debug|Any CPU.ActiveCfg = Debug|Any CPU
		{06898B8A-CC27-A1B2-69C8-89831A372D7F}.Debug|Any CPU.Build.0 = Debug|Any CPU
		{06898B8A-CC27-A1B2-69C8-89831A372D7F}.Release|Any CPU.ActiveCfg = Release|Any CPU
		{06898B8A-CC27-A1B2-69C8-89831A372D7F}.Release|Any CPU.Build.0 = Release|Any CPU
		{CE353583-2CC9-42FE-8801-E9176D719C80}.Debug|Any CPU.ActiveCfg = Debug|Any CPU
		{CE353583-2CC9-42FE-8801-E9176D719C80}.Debug|Any CPU.Build.0 = Debug|Any CPU
		{CE353583-2CC9-42FE-8801-E9176D719C80}.Release|Any CPU.ActiveCfg = Release|Any CPU
		{CE353583-2CC9-42FE-8801-E9176D719C80}.Release|Any CPU.Build.0 = Release|Any CPU
	EndGlobalSection
	GlobalSection(SolutionProperties) = preSolution
		HideSolutionNode = FALSE
	EndGlobalSection
	GlobalSection(NestedProjects) = preSolution
		{2840A392-FBC9-6795-D770-900D138EF1DA} = {DDB4EF12-CC4E-5E88-E6FC-71A802F4DE97}
		{5E96C8C8-6761-3DBE-C2D4-273AD53377DB} = {DDB4EF12-CC4E-5E88-E6FC-71A802F4DE97}
		{001C5591-DB0A-85C7-5873-1DACE4AC6ED6} = {DDB4EF12-CC4E-5E88-E6FC-71A802F4DE97}
		{1333198E-FA11-4D3E-BBA6-A6AB08A081DB} = {7B706E92-666F-4DA0-9F50-E27E782092A7}
		{7A34E997-43A2-464B-8FF5-3B174E55D37A} = {1333198E-FA11-4D3E-BBA6-A6AB08A081DB}
		{1CAC5280-AF94-47A8-B017-BBA38EE55A55} = {C767B591-86F0-4DB2-A880-A9C378F64FDC}
		{EFB649E8-0F88-4F13-AA25-5E76AEC6923D} = {1CAC5280-AF94-47A8-B017-BBA38EE55A55}
		{4C8CE669-C59C-455E-8020-2E6FD179C499} = {7B706E92-666F-4DA0-9F50-E27E782092A7}
		{68B75184-8CE9-47E8-9EA6-0A2A7315BE63} = {4C8CE669-C59C-455E-8020-2E6FD179C499}
		{CB880DAF-E00C-469E-A606-A0357EFE5F04} = {7B706E92-666F-4DA0-9F50-E27E782092A7}
		{8DE9902E-1125-4AFC-9D65-3CA93CB55D50} = {CB880DAF-E00C-469E-A606-A0357EFE5F04}
		{95293E4F-04CE-45C8-892F-2035ED98980F} = {CB880DAF-E00C-469E-A606-A0357EFE5F04}
		{B376798A-CB67-4228-AEA9-9285913A19A0} = {3725F41B-0B68-4866-A2F1-99DA0A9E7947}
		{403C3754-57E4-43CF-8D26-C3FA78B8CF40} = {B376798A-CB67-4228-AEA9-9285913A19A0}
		{49003B97-5D94-44D6-AC31-24E53C30B5BE} = {B376798A-CB67-4228-AEA9-9285913A19A0}
		{142BCD4F-F3B0-4CAE-844B-B02D5A53894A} = {3725F41B-0B68-4866-A2F1-99DA0A9E7947}
		{FA457191-926B-4A81-AA38-08ADA22697BF} = {142BCD4F-F3B0-4CAE-844B-B02D5A53894A}
		{9ADD0B10-35E0-4F48-8EEA-0B899A623347} = {142BCD4F-F3B0-4CAE-844B-B02D5A53894A}
		{7B54D456-8189-44CD-8BCC-D662851A426A} = {C767B591-86F0-4DB2-A880-A9C378F64FDC}
		{DE9D5DAE-9677-4EDA-A326-B4FBD952455B} = {7B54D456-8189-44CD-8BCC-D662851A426A}
		{CD7F704C-7C9A-449E-9E3B-D74DD4CB1078} = {C767B591-86F0-4DB2-A880-A9C378F64FDC}
		{46DE75E3-FF70-4D57-AB2F-3849956BB7B9} = {CD7F704C-7C9A-449E-9E3B-D74DD4CB1078}
		{DB740CC6-C705-495A-91B5-07466808347E} = {CD7F704C-7C9A-449E-9E3B-D74DD4CB1078}
		{37B17D0C-641D-4AF3-8BE0-D5B5EBF78FD8} = {E528AFE3-77EE-4359-9F65-5E911646A0B0}
		{E060EB3F-8D0F-4E8A-A8BB-CDBFECAAEC55} = {37B17D0C-641D-4AF3-8BE0-D5B5EBF78FD8}
		{7FA32B04-D638-4B0B-8EE3-871A8134AFA2} = {E528AFE3-77EE-4359-9F65-5E911646A0B0}
		{25BC6ACA-FBF1-47B4-945D-6770BD88E98E} = {7FA32B04-D638-4B0B-8EE3-871A8134AFA2}
		{3FE1AB63-95DD-4B18-8C7A-2BB642822FCB} = {E528AFE3-77EE-4359-9F65-5E911646A0B0}
		{389908FE-19EB-4D00-860D-8F2A4A101749} = {3FE1AB63-95DD-4B18-8C7A-2BB642822FCB}
		{A3ACA33D-6226-7668-2993-2FC9EA8C783B} = {3FE1AB63-95DD-4B18-8C7A-2BB642822FCB}
		{DC22FB24-1FF0-4064-BA81-B012648A41FA} = {2B5F5BC1-583E-45AD-8016-B231974DF1A5}
		{21F2C15C-38C9-4A21-A586-7AED96533C9F} = {DC22FB24-1FF0-4064-BA81-B012648A41FA}
		{BE4665B5-7FE3-405A-A89B-C9438F881F1C} = {2B5F5BC1-583E-45AD-8016-B231974DF1A5}
		{CFFC6948-5BB9-47AB-911F-9DE45F409EA3} = {BE4665B5-7FE3-405A-A89B-C9438F881F1C}
		{6FF45825-21C1-4951-A84F-FD65262AA6D0} = {BE4665B5-7FE3-405A-A89B-C9438F881F1C}
		{766DC129-B7E6-6BE5-67FF-02794A6C9D6A} = {BE4665B5-7FE3-405A-A89B-C9438F881F1C}
		{6749AA80-91AD-49F8-9133-DC310A186E3D} = {2B5F5BC1-583E-45AD-8016-B231974DF1A5}
		{99143EF3-F178-429B-909A-32C20496DEC7} = {6749AA80-91AD-49F8-9133-DC310A186E3D}
		{8758FBDB-9295-0DA5-31B6-DA01667F06FB} = {BE4665B5-7FE3-405A-A89B-C9438F881F1C}
		{7C026B89-5668-415C-9002-0FA44D77CE3D} = {BED3C17C-49B7-4EB1-A17D-0EBC2FAC6BCE}
		{07EA9499-CCC8-4C61-94FA-3A196D0F0D2A} = {BED3C17C-49B7-4EB1-A17D-0EBC2FAC6BCE}
		{A666E393-577E-45BE-91EA-15F5D400867A} = {7C026B89-5668-415C-9002-0FA44D77CE3D}
		{09D01F2D-A9C1-7ADF-ACF0-6CE8655624B3} = {7C026B89-5668-415C-9002-0FA44D77CE3D}
		{B8441293-5D7D-B752-6216-4C5005BF772D} = {0EEC7AE6-5A15-42EA-B579-E711C1BCAAE1}
		{D7F347E4-C87C-CC1A-89F8-6D28A7CCB4B3} = {0EEC7AE6-5A15-42EA-B579-E711C1BCAAE1}
		{6547E3BD-E0AE-4A7E-BF8E-9E10DF68AFE5} = {59651DE1-D9D7-41CC-9FAB-0C33972A78BF}
		{27B8A732-F6B0-0004-1291-A3D8F76543D5} = {59651DE1-D9D7-41CC-9FAB-0C33972A78BF}
		{7C06D570-5236-67C0-200D-EFEA42F6ED6E} = {59651DE1-D9D7-41CC-9FAB-0C33972A78BF}
		{9F826644-AE2D-4E53-93E1-3F478EB114E5} = {59651DE1-D9D7-41CC-9FAB-0C33972A78BF}
		{D589C9D2-25B2-97EF-C106-318F1C56DB7D} = {9F826644-AE2D-4E53-93E1-3F478EB114E5}
		{06898B8A-CC27-A1B2-69C8-89831A372D7F} = {9F826644-AE2D-4E53-93E1-3F478EB114E5}
		{CE353583-2CC9-42FE-8801-E9176D719C80} = {BBFAFC75-C48C-4BA9-A133-52B33F49FC88}
	EndGlobalSection
	GlobalSection(ExtensibilityGlobals) = postSolution
		SolutionGuid = {BB8CD95A-4447-4F33-B4CD-C383FEE58EA1}
	EndGlobalSection
EndGlobal
