
Microsoft Visual Studio Solution File, Format Version 12.00
# Visual Studio Version 17
VisualStudioVersion = 17.14.36623.8
MinimumVisualStudioVersion = 10.0.40219.1
Project("{2150E333-8FDC-42A3-9474-1A3956D46DE8}") = "Chapter00", "Chapter00", "{DDB4EF12-CC4E-5E88-E6FC-71A802F4DE97}"
EndProject
Project("{FAE04EC0-301F-11D3-BF4B-00C04F79EFBC}") = "sample0415", "sample0415\sample0415.csproj", "{F8AD82C2-D72C-98F1-B083-6DE2AC434A1C}"
EndProject
Project("{FAE04EC0-301F-11D3-BF4B-00C04F79EFBC}") = "Sample0413", "Sample0413\Sample0413\Sample0413.csproj", "{DEF6A562-2E85-56D6-5E83-A75E175B449B}"
EndProject
Project("{FAE04EC0-301F-11D3-BF4B-00C04F79EFBC}") = "Sample0416", "Sample0416\Sample0416.csproj", "{8700C678-3D0A-4A23-DF80-7E311A254C0F}"
EndProject
Global
	GlobalSection(SolutionConfigurationPlatforms) = preSolution
		Debug|Any CPU = Debug|Any CPU
		Release|Any CPU = Release|Any CPU
	EndGlobalSection
	GlobalSection(ProjectConfigurationPlatforms) = postSolution
		{F8AD82C2-D72C-98F1-B083-6DE2AC434A1C}.Debug|Any CPU.ActiveCfg = Debug|Any CPU
		{F8AD82C2-D72C-98F1-B083-6DE2AC434A1C}.Debug|Any CPU.Build.0 = Debug|Any CPU
		{F8AD82C2-D72C-98F1-B083-6DE2AC434A1C}.Release|Any CPU.ActiveCfg = Release|Any CPU
		{F8AD82C2-D72C-98F1-B083-6DE2AC434A1C}.Release|Any CPU.Build.0 = Release|Any CPU
		{DEF6A562-2E85-56D6-5E83-A75E175B449B}.Debug|Any CPU.ActiveCfg = Debug|Any CPU
		{DEF6A562-2E85-56D6-5E83-A75E175B449B}.Debug|Any CPU.Build.0 = Debug|Any CPU
		{DEF6A562-2E85-56D6-5E83-A75E175B449B}.Release|Any CPU.ActiveCfg = Release|Any CPU
		{DEF6A562-2E85-56D6-5E83-A75E175B449B}.Release|Any CPU.Build.0 = Release|Any CPU
		{8700C678-3D0A-4A23-DF80-7E311A254C0F}.Debug|Any CPU.ActiveCfg = Debug|Any CPU
		{8700C678-3D0A-4A23-DF80-7E311A254C0F}.Debug|Any CPU.Build.0 = Debug|Any CPU
		{8700C678-3D0A-4A23-DF80-7E311A254C0F}.Release|Any CPU.ActiveCfg = Release|Any CPU
		{8700C678-3D0A-4A23-DF80-7E311A254C0F}.Release|Any CPU.Build.0 = Release|Any CPU
	EndGlobalSection
	GlobalSection(SolutionProperties) = preSolution
		HideSolutionNode = FALSE
	EndGlobalSection
	GlobalSection(NestedProjects) = preSolution
		{F8AD82C2-D72C-98F1-B083-6DE2AC434A1C} = {DDB4EF12-CC4E-5E88-E6FC-71A802F4DE97}
		{DEF6A562-2E85-56D6-5E83-A75E175B449B} = {DDB4EF12-CC4E-5E88-E6FC-71A802F4DE97}
		{8700C678-3D0A-4A23-DF80-7E311A254C0F} = {DDB4EF12-CC4E-5E88-E6FC-71A802F4DE97}
	EndGlobalSection
	GlobalSection(ExtensibilityGlobals) = postSolution
		SolutionGuid = {BB8CD95A-4447-4F33-B4CD-C383FEE58EA1}
	EndGlobalSection
EndGlobal
