
Microsoft Visual Studio Solution File, Format Version 12.00
# Visual Studio Version 17
VisualStudioVersion = 17.14.36623.8
MinimumVisualStudioVersion = 10.0.40219.1
Project("{2150E333-8FDC-42A3-9474-1A3956D46DE8}") = "Chapter00", "Chapter00", "{DDB4EF12-CC4E-5E88-E6FC-71A802F4DE97}"
EndProject
Project("{FAE04EC0-301F-11D3-BF4B-00C04F79EFBC}") = "sample0415", "Chapter00\sample0415\sample0415.csproj", "{2840A392-FBC9-6795-D770-900D138EF1DA}"
EndProject
Project("{FAE04EC0-301F-11D3-BF4B-00C04F79EFBC}") = "Sample0416", "Chapter00\Sample0416\Sample0416.csproj", "{5E96C8C8-6761-3DBE-C2D4-273AD53377DB}"
EndProject
Project("{FAE04EC0-301F-11D3-BF4B-00C04F79EFBC}") = "Sample0413", "Chapter00\Sample0413\Sample0413.csproj", "{001C5591-DB0A-85C7-5873-1DACE4AC6ED6}"
EndProject
Project("{2150E333-8FDC-42A3-9474-1A3956D46DE8}") = "Chapter01", "Chapter01", "{BBC58D0E-DAC4-4DAA-A6FD-52919E9FB823}"
EndProject
Project("{2150E333-8FDC-42A3-9474-1A3956D46DE8}") = "Chapter02", "Chapter02", "{7B706E92-666F-4DA0-9F50-E27E782092A7}"
EndProject
Project("{2150E333-8FDC-42A3-9474-1A3956D46DE8}") = "距離換算プログラム", "距離換算プログラム", "{1333198E-FA11-4D3E-BBA6-A6AB08A081DB}"
EndProject
Project("{FAE04EC0-301F-11D3-BF4B-00C04F79EFBC}") = "DistanceConverter", "Chapter02\距離換算プログラム\DistanceConverter\DistanceConverter.csproj", "{7A34E997-43A2-464B-8FF5-3B174E55D37A}"
EndProject
Project("{2150E333-8FDC-42A3-9474-1A3956D46DE8}") = "Chapter04", "Chapter04", "{C767B591-86F0-4DB2-A880-A9C378F64FDC}"
EndProject
Project("{2150E333-8FDC-42A3-9474-1A3956D46DE8}") = "P108_文字列を数値に変換", "P108_文字列を数値に変換", "{1CAC5280-AF94-47A8-B017-BBA38EE55A55}"
EndProject
Project("{FAE04EC0-301F-11D3-BF4B-00C04F79EFBC}") = "Code4_36", "Chapter04\文字列を数値に変換\Code4_36\Code4_36.csproj", "{EFB649E8-0F88-4F13-AA25-5E76AEC6923D}"
EndProject
Project("{2150E333-8FDC-42A3-9474-1A3956D46DE8}") = "売上集計プログラム", "売上集計プログラム", "{4C8CE669-C59C-455E-8020-2E6FD179C499}"
EndProject
Project("{FAE04EC0-301F-11D3-BF4B-00C04F79EFBC}") = "SalesCalculator", "Chapter02\売上集計プログラム\SalesCalculator\SalesCalculator.csproj", "{68B75184-8CE9-47E8-9EA6-0A2A7315BE63}"
EndProject
Project("{2150E333-8FDC-42A3-9474-1A3956D46DE8}") = "演習問題", "演習問題", "{CB880DAF-E00C-469E-A606-A0357EFE5F04}"
EndProject
Project("{FAE04EC0-301F-11D3-BF4B-00C04F79EFBC}") = "Exercise01", "Chapter02\演習問題\Exercise01\Exercise01.csproj", "{8DE9902E-1125-4AFC-9D65-3CA93CB55D50}"
EndProject
Project("{FAE04EC0-301F-11D3-BF4B-00C04F79EFBC}") = "Exercise02", "Chapter02\演習問題\Exercise02\Exercise02\Exercise02.csproj", "{95293E4F-04CE-45C8-892F-2035ED98980F}"
EndProject
Global
	GlobalSection(SolutionConfigurationPlatforms) = preSolution
		Debug|Any CPU = Debug|Any CPU
		Release|Any CPU = Release|Any CPU
	EndGlobalSection
	GlobalSection(ProjectConfigurationPlatforms) = postSolution
		{2840A392-FBC9-6795-D770-900D138EF1DA}.Debug|Any CPU.ActiveCfg = Debug|Any CPU
		{2840A392-FBC9-6795-D770-900D138EF1DA}.Debug|Any CPU.Build.0 = Debug|Any CPU
		{2840A392-FBC9-6795-D770-900D138EF1DA}.Release|Any CPU.ActiveCfg = Release|Any CPU
		{2840A392-FBC9-6795-D770-900D138EF1DA}.Release|Any CPU.Build.0 = Release|Any CPU
		{5E96C8C8-6761-3DBE-C2D4-273AD53377DB}.Debug|Any CPU.ActiveCfg = Debug|Any CPU
		{5E96C8C8-6761-3DBE-C2D4-273AD53377DB}.Debug|Any CPU.Build.0 = Debug|Any CPU
		{5E96C8C8-6761-3DBE-C2D4-273AD53377DB}.Release|Any CPU.ActiveCfg = Release|Any CPU
		{5E96C8C8-6761-3DBE-C2D4-273AD53377DB}.Release|Any CPU.Build.0 = Release|Any CPU
		{001C5591-DB0A-85C7-5873-1DACE4AC6ED6}.Debug|Any CPU.ActiveCfg = Debug|Any CPU
		{001C5591-DB0A-85C7-5873-1DACE4AC6ED6}.Debug|Any CPU.Build.0 = Debug|Any CPU
		{001C5591-DB0A-85C7-5873-1DACE4AC6ED6}.Release|Any CPU.ActiveCfg = Release|Any CPU
		{001C5591-DB0A-85C7-5873-1DACE4AC6ED6}.Release|Any CPU.Build.0 = Release|Any CPU
		{7A34E997-43A2-464B-8FF5-3B174E55D37A}.Debug|Any CPU.ActiveCfg = Debug|Any CPU
		{7A34E997-43A2-464B-8FF5-3B174E55D37A}.Debug|Any CPU.Build.0 = Debug|Any CPU
		{7A34E997-43A2-464B-8FF5-3B174E55D37A}.Release|Any CPU.ActiveCfg = Release|Any CPU
		{7A34E997-43A2-464B-8FF5-3B174E55D37A}.Release|Any CPU.Build.0 = Release|Any CPU
		{EFB649E8-0F88-4F13-AA25-5E76AEC6923D}.Debug|Any CPU.ActiveCfg = Debug|Any CPU
		{EFB649E8-0F88-4F13-AA25-5E76AEC6923D}.Debug|Any CPU.Build.0 = Debug|Any CPU
		{EFB649E8-0F88-4F13-AA25-5E76AEC6923D}.Release|Any CPU.ActiveCfg = Release|Any CPU
		{EFB649E8-0F88-4F13-AA25-5E76AEC6923D}.Release|Any CPU.Build.0 = Release|Any CPU
		{68B75184-8CE9-47E8-9EA6-0A2A7315BE63}.Debug|Any CPU.ActiveCfg = Debug|Any CPU
		{68B75184-8CE9-47E8-9EA6-0A2A7315BE63}.Debug|Any CPU.Build.0 = Debug|Any CPU
		{68B75184-8CE9-47E8-9EA6-0A2A7315BE63}.Release|Any CPU.ActiveCfg = Release|Any CPU
		{68B75184-8CE9-47E8-9EA6-0A2A7315BE63}.Release|Any CPU.Build.0 = Release|Any CPU
		{8DE9902E-1125-4AFC-9D65-3CA93CB55D50}.Debug|Any CPU.ActiveCfg = Debug|Any CPU
		{8DE9902E-1125-4AFC-9D65-3CA93CB55D50}.Debug|Any CPU.Build.0 = Debug|Any CPU
		{8DE9902E-1125-4AFC-9D65-3CA93CB55D50}.Release|Any CPU.ActiveCfg = Release|Any CPU
		{8DE9902E-1125-4AFC-9D65-3CA93CB55D50}.Release|Any CPU.Build.0 = Release|Any CPU
		{95293E4F-04CE-45C8-892F-2035ED98980F}.Debug|Any CPU.ActiveCfg = Debug|Any CPU
		{95293E4F-04CE-45C8-892F-2035ED98980F}.Debug|Any CPU.Build.0 = Debug|Any CPU
		{95293E4F-04CE-45C8-892F-2035ED98980F}.Release|Any CPU.ActiveCfg = Release|Any CPU
		{95293E4F-04CE-45C8-892F-2035ED98980F}.Release|Any CPU.Build.0 = Release|Any CPU
	EndGlobalSection
	GlobalSection(SolutionProperties) = preSolution
		HideSolutionNode = FALSE
	EndGlobalSection
	GlobalSection(NestedProjects) = preSolution
		{2840A392-FBC9-6795-D770-900D138EF1DA} = {DDB4EF12-CC4E-5E88-E6FC-71A802F4DE97}
		{5E96C8C8-6761-3DBE-C2D4-273AD53377DB} = {DDB4EF12-CC4E-5E88-E6FC-71A802F4DE97}
		{001C5591-DB0A-85C7-5873-1DACE4AC6ED6} = {DDB4EF12-CC4E-5E88-E6FC-71A802F4DE97}
		{1333198E-FA11-4D3E-BBA6-A6AB08A081DB} = {7B706E92-666F-4DA0-9F50-E27E782092A7}
		{7A34E997-43A2-464B-8FF5-3B174E55D37A} = {1333198E-FA11-4D3E-BBA6-A6AB08A081DB}
		{1CAC5280-AF94-47A8-B017-BBA38EE55A55} = {C767B591-86F0-4DB2-A880-A9C378F64FDC}
		{EFB649E8-0F88-4F13-AA25-5E76AEC6923D} = {1CAC5280-AF94-47A8-B017-BBA38EE55A55}
		{4C8CE669-C59C-455E-8020-2E6FD179C499} = {7B706E92-666F-4DA0-9F50-E27E782092A7}
		{68B75184-8CE9-47E8-9EA6-0A2A7315BE63} = {4C8CE669-C59C-455E-8020-2E6FD179C499}
		{CB880DAF-E00C-469E-A606-A0357EFE5F04} = {7B706E92-666F-4DA0-9F50-E27E782092A7}
		{8DE9902E-1125-4AFC-9D65-3CA93CB55D50} = {CB880DAF-E00C-469E-A606-A0357EFE5F04}
		{95293E4F-04CE-45C8-892F-2035ED98980F} = {CB880DAF-E00C-469E-A606-A0357EFE5F04}
	EndGlobalSection
	GlobalSection(ExtensibilityGlobals) = postSolution
		SolutionGuid = {BB8CD95A-4447-4F33-B4CD-C383FEE58EA1}
	EndGlobalSection
EndGlobal
